
Microsoft Visual Studio Solution File, Format Version 12.00
# Visual Studio 15
VisualStudioVersion = 15.0.28010.2046
MinimumVisualStudioVersion = 10.0.40219.1
Project("{FAE04EC0-301F-11D3-BF4B-00C04F79EFBC}") = "AspNetCoreExample", "AspNetCoreExample\AspNetCoreExample.csproj", "{E7CC2D15-3380-45A8-A06B-628B5249F2DA}"
EndProject
Global
	GlobalSection(SolutionConfigurationPlatforms) = preSolution
		Debug|Any CPU = Debug|Any CPU
		Release|Any CPU = Release|Any CPU
	EndGlobalSection
	GlobalSection(ProjectConfigurationPlatforms) = postSolution
		{E7CC2D15-3380-45A8-A06B-628B5249F2DA}.Debug|Any CPU.ActiveCfg = Debug|Any CPU
		{E7CC2D15-3380-45A8-A06B-628B5249F2DA}.Debug|Any CPU.Build.0 = Debug|Any CPU
		{E7CC2D15-3380-45A8-A06B-628B5249F2DA}.Release|Any CPU.ActiveCfg = Release|Any CPU
		{E7CC2D15-3380-45A8-A06B-628B5249F2DA}.Release|Any CPU.Build.0 = Release|Any CPU
	EndGlobalSection
	GlobalSection(SolutionProperties) = preSolution
		HideSolutionNode = FALSE
	EndGlobalSection
	GlobalSection(ExtensibilityGlobals) = postSolution
		SolutionGuid = {4E2C7787-24E2-4BBC-AEDD-227990BA822F}
	EndGlobalSection
EndGlobal
